
Microsoft Visual Studio Solution File, Format Version 12.00
# Visual Studio Version 17
VisualStudioVersion = 17.11.35222.181
MinimumVisualStudioVersion = 10.0.40219.1
Project("{FAE04EC0-301F-11D3-BF4B-00C04F79EFBC}") = "AdventureGame", "AdventureGame.csproj", "{79452562-1C25-478C-8340-1F240D6D90EA}"
EndProject
Global
	GlobalSection(SolutionConfigurationPlatforms) = preSolution
		Debug|Any CPU = Debug|Any CPU
		Release|Any CPU = Release|Any CPU
	EndGlobalSection
	GlobalSection(ProjectConfigurationPlatforms) = postSolution
		{79452562-1C25-478C-8340-1F240D6D90EA}.Debug|Any CPU.ActiveCfg = Debug|Any CPU
		{79452562-1C25-478C-8340-1F240D6D90EA}.Debug|Any CPU.Build.0 = Debug|Any CPU
		{79452562-1C25-478C-8340-1F240D6D90EA}.Release|Any CPU.ActiveCfg = Release|Any CPU
		{79452562-1C25-478C-8340-1F240D6D90EA}.Release|Any CPU.Build.0 = Release|Any CPU
	EndGlobalSection
	GlobalSection(SolutionProperties) = preSolution
		HideSolutionNode = FALSE
	EndGlobalSection
	GlobalSection(ExtensibilityGlobals) = postSolution
		SolutionGuid = {E936C50C-373F-4562-802E-8FCFFD6E1283}
	EndGlobalSection
EndGlobal
